
Microsoft Visual Studio Solution File, Format Version 12.00
# Visual Studio Version 17
VisualStudioVersion = 17.7.34003.232
MinimumVisualStudioVersion = 10.0.40219.1
Project("{FAE04EC0-301F-11D3-BF4B-00C04F79EFBC}") = "SistemaCalcado", "SistemaCalcado\SistemaCalcado.csproj", "{CE203784-C517-445E-A694-84B7E118D3D7}"
EndProject
Global
	GlobalSection(SolutionConfigurationPlatforms) = preSolution
		Debug|Any CPU = Debug|Any CPU
		Release|Any CPU = Release|Any CPU
	EndGlobalSection
	GlobalSection(ProjectConfigurationPlatforms) = postSolution
		{CE203784-C517-445E-A694-84B7E118D3D7}.Debug|Any CPU.ActiveCfg = Debug|Any CPU
		{CE203784-C517-445E-A694-84B7E118D3D7}.Debug|Any CPU.Build.0 = Debug|Any CPU
		{CE203784-C517-445E-A694-84B7E118D3D7}.Release|Any CPU.ActiveCfg = Release|Any CPU
		{CE203784-C517-445E-A694-84B7E118D3D7}.Release|Any CPU.Build.0 = Release|Any CPU
	EndGlobalSection
	GlobalSection(SolutionProperties) = preSolution
		HideSolutionNode = FALSE
	EndGlobalSection
	GlobalSection(ExtensibilityGlobals) = postSolution
		SolutionGuid = {6E9E3E10-4CE8-49DB-B72D-C8A9159C140F}
	EndGlobalSection
EndGlobal
